// !$*UTF8*$!
{
	archiveVersion = 1;
	classes = {
	};
	objectVersion = 46;
	objects = {

/* Begin PBXBuildFile section */
		C676EF121E54A34C006BEE3D /* AppDelegate.swift in Sources */ = {isa = PBXBuildFile; fileRef = C676EF111E54A34C006BEE3D /* AppDelegate.swift */; };
		C676EF141E54A34C006BEE3D /* ViewController.swift in Sources */ = {isa = PBXBuildFile; fileRef = C676EF131E54A34C006BEE3D /* ViewController.swift */; };
		C676EF171E54A34C006BEE3D /* Main.storyboard in Resources */ = {isa = PBXBuildFile; fileRef = C676EF151E54A34C006BEE3D /* Main.storyboard */; };
		C676EF191E54A34C006BEE3D /* Assets.xcassets in Resources */ = {isa = PBXBuildFile; fileRef = C676EF181E54A34C006BEE3D /* Assets.xcassets */; };
		C676EF1C1E54A34C006BEE3D /* LaunchScreen.storyboard in Resources */ = {isa = PBXBuildFile; fileRef = C676EF1A1E54A34C006BEE3D /* LaunchScreen.storyboard */; };
/* End PBXBuildFile section */

/* Begin PBXFileReference section */
		C676EF0E1E54A34C006BEE3D /* ApplicationTerminate.app */ = {isa = PBXFileReference; explicitFileType = wrapper.application; includeInIndex = 0; path = ApplicationTerminate.app; sourceTree = BUILT_PRODUCTS_DIR; };
		C676EF111E54A34C006BEE3D /* AppDelegate.swift */ = {isa = PBXFileReference; lastKnownFileType = sourcecode.swift; path = AppDelegate.swift; sourceTree = "<group>"; };
		C676EF131E54A34C006BEE3D /* ViewController.swift */ = {isa = PBXFileReference; lastKnownFileType = sourcecode.swift; path = ViewController.swift; sourceTree = "<group>"; };
		C676EF161E54A34C006BEE3D /* Base */ = {isa = PBXFileReference; lastKnownFileType = file.storyboard; name = Base; path = Base.lproj/Main.storyboard; sourceTree = "<group>"; };
		C676EF181E54A34C006BEE3D /* Assets.xcassets */ = {isa = PBXFileReference; lastKnownFileType = folder.assetcatalog; path = Assets.xcassets; sourceTree = "<group>"; };
		C676EF1B1E54A34C006BEE3D /* Base */ = {isa = PBXFileReference; lastKnownFileType = file.storyboard; name = Base; path = Base.lproj/LaunchScreen.storyboard; sourceTree = "<group>"; };
		C676EF1D1E54A34C006BEE3D /* Info.plist */ = {isa = PBXFileReference; lastKnownFileType = text.plist.xml; path = Info.plist; sourceTree = "<group>"; };
/* End PBXFileReference section */

/* Begin PBXFrameworksBuildPhase section */
		C676EF0B1E54A34C006BEE3D /* Frameworks */ = {
			isa = PBXFrameworksBuildPhase;
			buildActionMask = 2147483647;
			files = (
			);
			runOnlyForDeploymentPostprocessing = 0;
		};
/* End PBXFrameworksBuildPhase section */

/* Begin PBXGroup section */
		C676EF051E54A34C006BEE3D = {
			isa = PBXGroup;
			children = (
				C676EF101E54A34C006BEE3D /* ApplicationTerminate */,
				C676EF0F1E54A34C006BEE3D /* Products */,
			);
			sourceTree = "<group>";
		};
		C676EF0F1E54A34C006BEE3D /* Products */ = {
			isa = PBXGroup;
			children = (
				C676EF0E1E54A34C006BEE3D /* ApplicationTerminate.app */,
			);
			name = Products;
			sourceTree = "<group>";
		};
		C676EF101E54A34C006BEE3D /* ApplicationTerminate */ = {
			isa = PBXGroup;
			children = (
				C676EF111E54A34C006BEE3D /* AppDelegate.swift */,
				C676EF131E54A34C006BEE3D /* ViewController.swift */,
				C676EF151E54A34C006BEE3D /* Main.storyboard */,
				C676EF181E54A34C006BEE3D /* Assets.xcassets */,
				C676EF1A1E54A34C006BEE3D /* LaunchScreen.storyboard */,
				C676EF1D1E54A34C006BEE3D /* Info.plist */,
			);
			path = ApplicationTerminate;
			sourceTree = "<group>";
		};
/* End PBXGroup section */

/* Begin PBXNativeTarget section */
		C676EF0D1E54A34C006BEE3D /* ApplicationTerminate */ = {
			isa = PBXNativeTarget;
			buildConfigurationList = C676EF201E54A34C006BEE3D /* Build configuration list for PBXNativeTarget "ApplicationTerminate" */;
			buildPhases = (
				C676EF0A1E54A34C006BEE3D /* Sources */,
				C676EF0B1E54A34C006BEE3D /* Frameworks */,
				C676EF0C1E54A34C006BEE3D /* Resources */,
			);
			buildRules = (
			);
			dependencies = (
			);
			name = ApplicationTerminate;
			productName = ApplicationTerminate;
			productReference = C676EF0E1E54A34C006BEE3D /* ApplicationTerminate.app */;
			productType = "com.apple.product-type.application";
		};
/* End PBXNativeTarget section */

/* Begin PBXProject section */
		C676EF061E54A34C006BEE3D /* Project object */ = {
			isa = PBXProject;
			attributes = {
				LastSwiftUpdateCheck = 0820;
				LastUpgradeCheck = 0820;
				ORGANIZATIONNAME = "Dragoman Developers, LLC";
				TargetAttributes = {
					C676EF0D1E54A34C006BEE3D = {
						CreatedOnToolsVersion = 8.2.1;
						DevelopmentTeam = XYW89PFS48;
						ProvisioningStyle = Automatic;
					};
				};
			};
			buildConfigurationList = C676EF091E54A34C006BEE3D /* Build configuration list for PBXProject "ApplicationTerminate" */;
			compatibilityVersion = "Xcode 3.2";
			developmentRegion = English;
			hasScannedForEncodings = 0;
			knownRegions = (
				en,
				Base,
			);
			mainGroup = C676EF051E54A34C006BEE3D;
			productRefGroup = C676EF0F1E54A34C006BEE3D /* Products */;
			projectDirPath = "";
			projectRoot = "";
			targets = (
				C676EF0D1E54A34C006BEE3D /* ApplicationTerminate */,
			);
		};
/* End PBXProject section */

/* Begin PBXResourcesBuildPhase section */
		C676EF0C1E54A34C006BEE3D /* Resources */ = {
			isa = PBXResourcesBuildPhase;
			buildActionMask = 2147483647;
			files = (
				C676EF1C1E54A34C006BEE3D /* LaunchScreen.storyboard in Resources */,
				C676EF191E54A34C006BEE3D /* Assets.xcassets in Resources */,
				C676EF171E54A34C006BEE3D /* Main.storyboard in Resources */,
			);
			runOnlyForDeploymentPostprocessing = 0;
		};
/* End PBXResourcesBuildPhase section */

/* Begin PBXSourcesBuildPhase section */
		C676EF0A1E54A34C006BEE3D /* Sources */ = {
			isa = PBXSourcesBuildPhase;
			buildActionMask = 2147483647;
			files = (
				C676EF141E54A34C006BEE3D /* ViewController.swift in Sources */,
				C676EF121E54A34C006BEE3D /* AppDelegate.swift in Sources */,
			);
			runOnlyForDeploymentPostprocessing = 0;
		};
/* End PBXSourcesBuildPhase section */

/* Begin PBXVariantGroup section */
		C676EF151E54A34C006BEE3D /* Main.storyboard */ = {
			isa = PBXVariantGroup;
			children = (
				C676EF161E54A34C006BEE3D /* Base */,
			);
			name = Main.storyboard;
			sourceTree = "<group>";
		};
		C676EF1A1E54A34C006BEE3D /* LaunchScreen.storyboard */ = {
			isa = PBXVariantGroup;
			children = (
				C676EF1B1E54A34C006BEE3D /* Base */,
			);
			name = LaunchScreen.storyboard;
			sourceTree = "<group>";
		};
/* End PBXVariantGroup section */

/* Begin XCBuildConfiguration section */
		C676EF1E1E54A34C006BEE3D /* Debug */ = {
			isa = XCBuildConfiguration;
			buildSettings = {
				ALWAYS_SEARCH_USER_PATHS = NO;
				CLANG_ANALYZER_NONNULL = YES;
				CLANG_CXX_LANGUAGE_STANDARD = "gnu++0x";
				CLANG_CXX_LIBRARY = "libc++";
				CLANG_ENABLE_MODULES = YES;
				CLANG_ENABLE_OBJC_ARC = YES;
				CLANG_WARN_BOOL_CONVERSION = YES;
				CLANG_WARN_CONSTANT_CONVERSION = YES;
				CLANG_WARN_DIRECT_OBJC_ISA_USAGE = YES_ERROR;
				CLANG_WARN_DOCUMENTATION_COMMENTS = YES;
				CLANG_WARN_EMPTY_BODY = YES;
				CLANG_WARN_ENUM_CONVERSION = YES;
				CLANG_WARN_INFINITE_RECURSION = YES;
				CLANG_WARN_INT_CONVERSION = YES;
				CLANG_WARN_OBJC_ROOT_CLASS = YES_ERROR;
				CLANG_WARN_SUSPICIOUS_MOVE = YES;
				CLANG_WARN_UNREACHABLE_CODE = YES;
				CLANG_WARN__DUPLICATE_METHOD_MATCH = YES;
				"CODE_SIGN_IDENTITY[sdk=iphoneos*]" = "iPhone Developer";
				COPY_PHASE_STRIP = NO;
				DEBUG_INFORMATION_FORMAT = dwarf;
				ENABLE_STRICT_OBJC_MSGSEND = YES;
				ENABLE_TESTABILITY = YES;
				GCC_C_LANGUAGE_STANDARD = gnu99;
				GCC_DYNAMIC_NO_PIC = NO;
				GCC_NO_COMMON_BLOCKS = YES;
				GCC_OPTIMIZATION_LEVEL = 0;
				GCC_PREPROCESSOR_DEFINITIONS = (
					"DEBUG=1",
					"$(inherited)",
				);
				GCC_WARN_64_TO_32_BIT_CONVERSION = YES;
				GCC_WARN_ABOUT_RETURN_TYPE = YES_ERROR;
				GCC_WARN_UNDECLARED_SELECTOR = YES;
				GCC_WARN_UNINITIALIZED_AUTOS = YES_AGGRESSIVE;
				GCC_WARN_UNUSED_FUNCTION = YES;
				GCC_WARN_UNUSED_VARIABLE = YES;
				IPHONEOS_DEPLOYMENT_TARGET = 10.2;
				MTL_ENABLE_DEBUG_INFO = YES;
				ONLY_ACTIVE_ARCH = YES;
				SDKROOT = iphoneos;
				SWIFT_ACTIVE_COMPILATION_CONDITIONS = DEBUG;
				SWIFT_OPTIMIZATION_LEVEL = "-Onone";
			};
			name = Debug;
		};
		C676EF1F1E54A34C006BEE3D /* Release */ = {
			isa = XCBuildConfiguration;
			buildSettings = {
				ALWAYS_SEARCH_USER_PATHS = NO;
				CLANG_ANALYZER_NONNULL = YES;
				CLANG_CXX_LANGUAGE_STANDARD = "gnu++0x";
				CLANG_CXX_LIBRARY = "libc++";
				CLANG_ENABLE_MODULES = YES;
				CLANG_ENABLE_OBJC_ARC = YES;
				CLANG_WARN_BOOL_CONVERSION = YES;
				CLANG_WARN_CONSTANT_CONVERSION = YES;
				CLANG_WARN_DIRECT_OBJC_ISA_USAGE = YES_ERROR;
				CLANG_WARN_DOCUMENTATION_COMMENTS = YES;
				CLANG_WARN_EMPTY_BODY = YES;
				CLANG_WARN_ENUM_CONVERSION = YES;
				CLANG_WARN_INFINITE_RECURSION = YES;
				CLANG_WARN_INT_CONVERSION = YES;
				CLANG_WARN_OBJC_ROOT_CLASS = YES_ERROR;
				CLANG_WARN_SUSPICIOUS_MOVE = YES;
				CLANG_WARN_UNREACHABLE_CODE = YES;
				CLANG_WARN__DUPLICATE_METHOD_MATCH = YES;
				"CODE_SIGN_IDENTITY[sdk=iphoneos*]" = "iPhone Developer";
				COPY_PHASE_STRIP = NO;
				DEBUG_INFORMATION_FORMAT = "dwarf-with-dsym";
				ENABLE_NS_ASSERTIONS = NO;
				ENABLE_STRICT_OBJC_MSGSEND = YES;
				GCC_C_LANGUAGE_STANDARD = gnu99;
				GCC_NO_COMMON_BLOCKS = YES;
				GCC_WARN_64_TO_32_BIT_CONVERSION = YES;
				GCC_WARN_ABOUT_RETURN_TYPE = YES_ERROR;
				GCC_WARN_UNDECLARED_SELECTOR = YES;
				GCC_WARN_UNINITIALIZED_AUTOS = YES_AGGRESSIVE;
				GCC_WARN_UNUSED_FUNCTION = YES;
				GCC_WARN_UNUSED_VARIABLE = YES;
				IPHONEOS_DEPLOYMENT_TARGET = 10.2;
				MTL_ENABLE_DEBUG_INFO = NO;
				SDKROOT = iphoneos;
				SWIFT_OPTIMIZATION_LEVEL = "-Owholemodule";
				VALIDATE_PRODUCT = YES;
			};
			name = Release;
		};
		C676EF211E54A34C006BEE3D /* Debug */ = {
			isa = XCBuildConfiguration;
			buildSettings = {
				ASSETCATALOG_COMPILER_APPICON_NAME = AppIcon;
				DEVELOPMENT_TEAM = XYW89PFS48;
				INFOPLIST_FILE = ApplicationTerminate/Info.plist;
				LD_RUNPATH_SEARCH_PATHS = "$(inherited) @executable_path/Frameworks";
				PRODUCT_BUNDLE_IDENTIFIER = com.dragomandevelopers.ApplicationTerminate;
				PRODUCT_NAME = "$(TARGET_NAME)";
				SWIFT_VERSION = 3.0;
			};
			name = Debug;
		};
		C676EF221E54A34C006BEE3D /* Release */ = {
			isa = XCBuildConfiguration;
			buildSettings = {
				ASSETCATALOG_COMPILER_APPICON_NAME = AppIcon;
				DEVELOPMENT_TEAM = XYW89PFS48;
				INFOPLIST_FILE = ApplicationTerminate/Info.plist;
				LD_RUNPATH_SEARCH_PATHS = "$(inherited) @executable_path/Frameworks";
				PRODUCT_BUNDLE_IDENTIFIER = com.dragomandevelopers.ApplicationTerminate;
				PRODUCT_NAME = "$(TARGET_NAME)";
				SWIFT_VERSION = 3.0;
			};
			name = Release;
		};
/* End XCBuildConfiguration section */

/* Begin XCConfigurationList section */
		C676EF091E54A34C006BEE3D /* Build configuration list for PBXProject "ApplicationTerminate" */ = {
			isa = XCConfigurationList;
			buildConfigurations = (
				C676EF1E1E54A34C006BEE3D /* Debug */,
				C676EF1F1E54A34C006BEE3D /* Release */,
			);
			defaultConfigurationIsVisible = 0;
			defaultConfigurationName = Release;
		};
		C676EF201E54A34C006BEE3D /* Build configuration list for PBXNativeTarget "ApplicationTerminate" */ = {
			isa = XCConfigurationList;
			buildConfigurations = (
				C676EF211E54A34C006BEE3D /* Debug */,
				C676EF221E54A34C006BEE3D /* Release */,
			);
			defaultConfigurationIsVisible = 0;
		};
/* End XCConfigurationList section */
	};
	rootObject = C676EF061E54A34C006BEE3D /* Project object */;
}
