// !$*UTF8*$!
{
	archiveVersion = 1;
	classes = {
	};
	objectVersion = 46;
	objects = {

/* Begin PBXBuildFile section */
		C6ADBE2D1F1CE91B00F62509 /* AppDelegate.swift in Sources */ = {isa = PBXBuildFile; fileRef = C6ADBE2C1F1CE91B00F62509 /* AppDelegate.swift */; };
		C6ADBE2F1F1CE91B00F62509 /* ViewController.swift in Sources */ = {isa = PBXBuildFile; fileRef = C6ADBE2E1F1CE91B00F62509 /* ViewController.swift */; };
		C6ADBE321F1CE91C00F62509 /* Main.storyboard in Resources */ = {isa = PBXBuildFile; fileRef = C6ADBE301F1CE91C00F62509 /* Main.storyboard */; };
		C6ADBE341F1CE91C00F62509 /* Assets.xcassets in Resources */ = {isa = PBXBuildFile; fileRef = C6ADBE331F1CE91C00F62509 /* Assets.xcassets */; };
		C6ADBE371F1CE91C00F62509 /* LaunchScreen.storyboard in Resources */ = {isa = PBXBuildFile; fileRef = C6ADBE351F1CE91C00F62509 /* LaunchScreen.storyboard */; };
		C6ADBE3F1F1D344C00F62509 /* ConversionValues.swift in Sources */ = {isa = PBXBuildFile; fileRef = C6ADBE3E1F1D344C00F62509 /* ConversionValues.swift */; };
/* End PBXBuildFile section */

/* Begin PBXFileReference section */
		C6ADBE291F1CE91B00F62509 /* programmaticImages.app */ = {isa = PBXFileReference; explicitFileType = wrapper.application; includeInIndex = 0; path = programmaticImages.app; sourceTree = BUILT_PRODUCTS_DIR; };
		C6ADBE2C1F1CE91B00F62509 /* AppDelegate.swift */ = {isa = PBXFileReference; lastKnownFileType = sourcecode.swift; path = AppDelegate.swift; sourceTree = "<group>"; };
		C6ADBE2E1F1CE91B00F62509 /* ViewController.swift */ = {isa = PBXFileReference; lastKnownFileType = sourcecode.swift; path = ViewController.swift; sourceTree = "<group>"; };
		C6ADBE311F1CE91C00F62509 /* Base */ = {isa = PBXFileReference; lastKnownFileType = file.storyboard; name = Base; path = Base.lproj/Main.storyboard; sourceTree = "<group>"; };
		C6ADBE331F1CE91C00F62509 /* Assets.xcassets */ = {isa = PBXFileReference; lastKnownFileType = folder.assetcatalog; path = Assets.xcassets; sourceTree = "<group>"; };
		C6ADBE361F1CE91C00F62509 /* Base */ = {isa = PBXFileReference; lastKnownFileType = file.storyboard; name = Base; path = Base.lproj/LaunchScreen.storyboard; sourceTree = "<group>"; };
		C6ADBE381F1CE91C00F62509 /* Info.plist */ = {isa = PBXFileReference; lastKnownFileType = text.plist.xml; path = Info.plist; sourceTree = "<group>"; };
		C6ADBE3E1F1D344C00F62509 /* ConversionValues.swift */ = {isa = PBXFileReference; fileEncoding = 4; lastKnownFileType = sourcecode.swift; path = ConversionValues.swift; sourceTree = "<group>"; };
/* End PBXFileReference section */

/* Begin PBXFrameworksBuildPhase section */
		C6ADBE261F1CE91B00F62509 /* Frameworks */ = {
			isa = PBXFrameworksBuildPhase;
			buildActionMask = 2147483647;
			files = (
			);
			runOnlyForDeploymentPostprocessing = 0;
		};
/* End PBXFrameworksBuildPhase section */

/* Begin PBXGroup section */
		C6ADBE201F1CE91B00F62509 = {
			isa = PBXGroup;
			children = (
				C6ADBE2B1F1CE91B00F62509 /* programmaticImages */,
				C6ADBE2A1F1CE91B00F62509 /* Products */,
			);
			sourceTree = "<group>";
		};
		C6ADBE2A1F1CE91B00F62509 /* Products */ = {
			isa = PBXGroup;
			children = (
				C6ADBE291F1CE91B00F62509 /* programmaticImages.app */,
			);
			name = Products;
			sourceTree = "<group>";
		};
		C6ADBE2B1F1CE91B00F62509 /* programmaticImages */ = {
			isa = PBXGroup;
			children = (
				C6ADBE2C1F1CE91B00F62509 /* AppDelegate.swift */,
				C6ADBE2E1F1CE91B00F62509 /* ViewController.swift */,
				C6ADBE3E1F1D344C00F62509 /* ConversionValues.swift */,
				C6ADBE301F1CE91C00F62509 /* Main.storyboard */,
				C6ADBE331F1CE91C00F62509 /* Assets.xcassets */,
				C6ADBE351F1CE91C00F62509 /* LaunchScreen.storyboard */,
				C6ADBE381F1CE91C00F62509 /* Info.plist */,
			);
			path = programmaticImages;
			sourceTree = "<group>";
		};
/* End PBXGroup section */

/* Begin PBXNativeTarget section */
		C6ADBE281F1CE91B00F62509 /* programmaticImages */ = {
			isa = PBXNativeTarget;
			buildConfigurationList = C6ADBE3B1F1CE91C00F62509 /* Build configuration list for PBXNativeTarget "programmaticImages" */;
			buildPhases = (
				C6ADBE251F1CE91B00F62509 /* Sources */,
				C6ADBE261F1CE91B00F62509 /* Frameworks */,
				C6ADBE271F1CE91B00F62509 /* Resources */,
			);
			buildRules = (
			);
			dependencies = (
			);
			name = programmaticImages;
			productName = programmaticImages;
			productReference = C6ADBE291F1CE91B00F62509 /* programmaticImages.app */;
			productType = "com.apple.product-type.application";
		};
/* End PBXNativeTarget section */

/* Begin PBXProject section */
		C6ADBE211F1CE91B00F62509 /* Project object */ = {
			isa = PBXProject;
			attributes = {
				LastSwiftUpdateCheck = 0830;
				LastUpgradeCheck = 0830;
				ORGANIZATIONNAME = "Dragoman Developers";
				TargetAttributes = {
					C6ADBE281F1CE91B00F62509 = {
						CreatedOnToolsVersion = 8.3.3;
						DevelopmentTeam = XYW89PFS48;
						ProvisioningStyle = Automatic;
					};
				};
			};
			buildConfigurationList = C6ADBE241F1CE91B00F62509 /* Build configuration list for PBXProject "programmaticImages" */;
			compatibilityVersion = "Xcode 3.2";
			developmentRegion = English;
			hasScannedForEncodings = 0;
			knownRegions = (
				en,
				Base,
			);
			mainGroup = C6ADBE201F1CE91B00F62509;
			productRefGroup = C6ADBE2A1F1CE91B00F62509 /* Products */;
			projectDirPath = "";
			projectRoot = "";
			targets = (
				C6ADBE281F1CE91B00F62509 /* programmaticImages */,
			);
		};
/* End PBXProject section */

/* Begin PBXResourcesBuildPhase section */
		C6ADBE271F1CE91B00F62509 /* Resources */ = {
			isa = PBXResourcesBuildPhase;
			buildActionMask = 2147483647;
			files = (
				C6ADBE371F1CE91C00F62509 /* LaunchScreen.storyboard in Resources */,
				C6ADBE341F1CE91C00F62509 /* Assets.xcassets in Resources */,
				C6ADBE321F1CE91C00F62509 /* Main.storyboard in Resources */,
			);
			runOnlyForDeploymentPostprocessing = 0;
		};
/* End PBXResourcesBuildPhase section */

/* Begin PBXSourcesBuildPhase section */
		C6ADBE251F1CE91B00F62509 /* Sources */ = {
			isa = PBXSourcesBuildPhase;
			buildActionMask = 2147483647;
			files = (
				C6ADBE2F1F1CE91B00F62509 /* ViewController.swift in Sources */,
				C6ADBE3F1F1D344C00F62509 /* ConversionValues.swift in Sources */,
				C6ADBE2D1F1CE91B00F62509 /* AppDelegate.swift in Sources */,
			);
			runOnlyForDeploymentPostprocessing = 0;
		};
/* End PBXSourcesBuildPhase section */

/* Begin PBXVariantGroup section */
		C6ADBE301F1CE91C00F62509 /* Main.storyboard */ = {
			isa = PBXVariantGroup;
			children = (
				C6ADBE311F1CE91C00F62509 /* Base */,
			);
			name = Main.storyboard;
			sourceTree = "<group>";
		};
		C6ADBE351F1CE91C00F62509 /* LaunchScreen.storyboard */ = {
			isa = PBXVariantGroup;
			children = (
				C6ADBE361F1CE91C00F62509 /* Base */,
			);
			name = LaunchScreen.storyboard;
			sourceTree = "<group>";
		};
/* End PBXVariantGroup section */

/* Begin XCBuildConfiguration section */
		C6ADBE391F1CE91C00F62509 /* Debug */ = {
			isa = XCBuildConfiguration;
			buildSettings = {
				ALWAYS_SEARCH_USER_PATHS = NO;
				CLANG_ANALYZER_NONNULL = YES;
				CLANG_ANALYZER_NUMBER_OBJECT_CONVERSION = YES_AGGRESSIVE;
				CLANG_CXX_LANGUAGE_STANDARD = "gnu++0x";
				CLANG_CXX_LIBRARY = "libc++";
				CLANG_ENABLE_MODULES = YES;
				CLANG_ENABLE_OBJC_ARC = YES;
				CLANG_WARN_BOOL_CONVERSION = YES;
				CLANG_WARN_CONSTANT_CONVERSION = YES;
				CLANG_WARN_DIRECT_OBJC_ISA_USAGE = YES_ERROR;
				CLANG_WARN_DOCUMENTATION_COMMENTS = YES;
				CLANG_WARN_EMPTY_BODY = YES;
				CLANG_WARN_ENUM_CONVERSION = YES;
				CLANG_WARN_INFINITE_RECURSION = YES;
				CLANG_WARN_INT_CONVERSION = YES;
				CLANG_WARN_OBJC_ROOT_CLASS = YES_ERROR;
				CLANG_WARN_SUSPICIOUS_MOVE = YES;
				CLANG_WARN_UNREACHABLE_CODE = YES;
				CLANG_WARN__DUPLICATE_METHOD_MATCH = YES;
				"CODE_SIGN_IDENTITY[sdk=iphoneos*]" = "iPhone Developer";
				COPY_PHASE_STRIP = NO;
				DEBUG_INFORMATION_FORMAT = dwarf;
				ENABLE_STRICT_OBJC_MSGSEND = YES;
				ENABLE_TESTABILITY = YES;
				GCC_C_LANGUAGE_STANDARD = gnu99;
				GCC_DYNAMIC_NO_PIC = NO;
				GCC_NO_COMMON_BLOCKS = YES;
				GCC_OPTIMIZATION_LEVEL = 0;
				GCC_PREPROCESSOR_DEFINITIONS = (
					"DEBUG=1",
					"$(inherited)",
				);
				GCC_WARN_64_TO_32_BIT_CONVERSION = YES;
				GCC_WARN_ABOUT_RETURN_TYPE = YES_ERROR;
				GCC_WARN_UNDECLARED_SELECTOR = YES;
				GCC_WARN_UNINITIALIZED_AUTOS = YES_AGGRESSIVE;
				GCC_WARN_UNUSED_FUNCTION = YES;
				GCC_WARN_UNUSED_VARIABLE = YES;
				IPHONEOS_DEPLOYMENT_TARGET = 10.3;
				MTL_ENABLE_DEBUG_INFO = YES;
				ONLY_ACTIVE_ARCH = YES;
				SDKROOT = iphoneos;
				SWIFT_ACTIVE_COMPILATION_CONDITIONS = DEBUG;
				SWIFT_OPTIMIZATION_LEVEL = "-Onone";
			};
			name = Debug;
		};
		C6ADBE3A1F1CE91C00F62509 /* Release */ = {
			isa = XCBuildConfiguration;
			buildSettings = {
				ALWAYS_SEARCH_USER_PATHS = NO;
				CLANG_ANALYZER_NONNULL = YES;
				CLANG_ANALYZER_NUMBER_OBJECT_CONVERSION = YES_AGGRESSIVE;
				CLANG_CXX_LANGUAGE_STANDARD = "gnu++0x";
				CLANG_CXX_LIBRARY = "libc++";
				CLANG_ENABLE_MODULES = YES;
				CLANG_ENABLE_OBJC_ARC = YES;
				CLANG_WARN_BOOL_CONVERSION = YES;
				CLANG_WARN_CONSTANT_CONVERSION = YES;
				CLANG_WARN_DIRECT_OBJC_ISA_USAGE = YES_ERROR;
				CLANG_WARN_DOCUMENTATION_COMMENTS = YES;
				CLANG_WARN_EMPTY_BODY = YES;
				CLANG_WARN_ENUM_CONVERSION = YES;
				CLANG_WARN_INFINITE_RECURSION = YES;
				CLANG_WARN_INT_CONVERSION = YES;
				CLANG_WARN_OBJC_ROOT_CLASS = YES_ERROR;
				CLANG_WARN_SUSPICIOUS_MOVE = YES;
				CLANG_WARN_UNREACHABLE_CODE = YES;
				CLANG_WARN__DUPLICATE_METHOD_MATCH = YES;
				"CODE_SIGN_IDENTITY[sdk=iphoneos*]" = "iPhone Developer";
				COPY_PHASE_STRIP = NO;
				DEBUG_INFORMATION_FORMAT = "dwarf-with-dsym";
				ENABLE_NS_ASSERTIONS = NO;
				ENABLE_STRICT_OBJC_MSGSEND = YES;
				GCC_C_LANGUAGE_STANDARD = gnu99;
				GCC_NO_COMMON_BLOCKS = YES;
				GCC_WARN_64_TO_32_BIT_CONVERSION = YES;
				GCC_WARN_ABOUT_RETURN_TYPE = YES_ERROR;
				GCC_WARN_UNDECLARED_SELECTOR = YES;
				GCC_WARN_UNINITIALIZED_AUTOS = YES_AGGRESSIVE;
				GCC_WARN_UNUSED_FUNCTION = YES;
				GCC_WARN_UNUSED_VARIABLE = YES;
				IPHONEOS_DEPLOYMENT_TARGET = 10.3;
				MTL_ENABLE_DEBUG_INFO = NO;
				SDKROOT = iphoneos;
				SWIFT_OPTIMIZATION_LEVEL = "-Owholemodule";
				VALIDATE_PRODUCT = YES;
			};
			name = Release;
		};
		C6ADBE3C1F1CE91C00F62509 /* Debug */ = {
			isa = XCBuildConfiguration;
			buildSettings = {
				ASSETCATALOG_COMPILER_APPICON_NAME = AppIcon;
				DEVELOPMENT_TEAM = XYW89PFS48;
				INFOPLIST_FILE = programmaticImages/Info.plist;
				LD_RUNPATH_SEARCH_PATHS = "$(inherited) @executable_path/Frameworks";
				PRODUCT_BUNDLE_IDENTIFIER = com.dragomandevelopers.programmaticImages;
				PRODUCT_NAME = "$(TARGET_NAME)";
				SWIFT_VERSION = 3.0;
			};
			name = Debug;
		};
		C6ADBE3D1F1CE91C00F62509 /* Release */ = {
			isa = XCBuildConfiguration;
			buildSettings = {
				ASSETCATALOG_COMPILER_APPICON_NAME = AppIcon;
				DEVELOPMENT_TEAM = XYW89PFS48;
				INFOPLIST_FILE = programmaticImages/Info.plist;
				LD_RUNPATH_SEARCH_PATHS = "$(inherited) @executable_path/Frameworks";
				PRODUCT_BUNDLE_IDENTIFIER = com.dragomandevelopers.programmaticImages;
				PRODUCT_NAME = "$(TARGET_NAME)";
				SWIFT_VERSION = 3.0;
			};
			name = Release;
		};
/* End XCBuildConfiguration section */

/* Begin XCConfigurationList section */
		C6ADBE241F1CE91B00F62509 /* Build configuration list for PBXProject "programmaticImages" */ = {
			isa = XCConfigurationList;
			buildConfigurations = (
				C6ADBE391F1CE91C00F62509 /* Debug */,
				C6ADBE3A1F1CE91C00F62509 /* Release */,
			);
			defaultConfigurationIsVisible = 0;
			defaultConfigurationName = Release;
		};
		C6ADBE3B1F1CE91C00F62509 /* Build configuration list for PBXNativeTarget "programmaticImages" */ = {
			isa = XCConfigurationList;
			buildConfigurations = (
				C6ADBE3C1F1CE91C00F62509 /* Debug */,
				C6ADBE3D1F1CE91C00F62509 /* Release */,
			);
			defaultConfigurationIsVisible = 0;
		};
/* End XCConfigurationList section */
	};
	rootObject = C6ADBE211F1CE91B00F62509 /* Project object */;
}
